
Microsoft Visual Studio Solution File, Format Version 12.00
# Visual Studio 15
VisualStudioVersion = 15.0.27703.2035
MinimumVisualStudioVersion = 10.0.40219.1
Project("{FAE04EC0-301F-11D3-BF4B-00C04F79EFBC}") = "ArndtProject3", "ArndtProject3\ArndtProject3.csproj", "{0406C71C-96DB-46AD-803D-2AE1FC752576}"
EndProject
Project("{FAE04EC0-301F-11D3-BF4B-00C04F79EFBC}") = "Utilites", "Utilites\Utilites.csproj", "{AD42D211-0C10-4E1C-8A9A-04D71F393B64}"
EndProject
Project("{FAE04EC0-301F-11D3-BF4B-00C04F79EFBC}") = "FMailLibrary", "FMailLibrary\FMailLibrary.csproj", "{3AC8CAE6-984B-4F94-869B-CC4463839CCA}"
EndProject
Global
	GlobalSection(SolutionConfigurationPlatforms) = preSolution
		Debug|Any CPU = Debug|Any CPU
		Release|Any CPU = Release|Any CPU
	EndGlobalSection
	GlobalSection(ProjectConfigurationPlatforms) = postSolution
		{0406C71C-96DB-46AD-803D-2AE1FC752576}.Debug|Any CPU.ActiveCfg = Debug|Any CPU
		{0406C71C-96DB-46AD-803D-2AE1FC752576}.Debug|Any CPU.Build.0 = Debug|Any CPU
		{0406C71C-96DB-46AD-803D-2AE1FC752576}.Release|Any CPU.ActiveCfg = Release|Any CPU
		{0406C71C-96DB-46AD-803D-2AE1FC752576}.Release|Any CPU.Build.0 = Release|Any CPU
		{AD42D211-0C10-4E1C-8A9A-04D71F393B64}.Debug|Any CPU.ActiveCfg = Debug|Any CPU
		{AD42D211-0C10-4E1C-8A9A-04D71F393B64}.Debug|Any CPU.Build.0 = Debug|Any CPU
		{AD42D211-0C10-4E1C-8A9A-04D71F393B64}.Release|Any CPU.ActiveCfg = Release|Any CPU
		{AD42D211-0C10-4E1C-8A9A-04D71F393B64}.Release|Any CPU.Build.0 = Release|Any CPU
		{3AC8CAE6-984B-4F94-869B-CC4463839CCA}.Debug|Any CPU.ActiveCfg = Debug|Any CPU
		{3AC8CAE6-984B-4F94-869B-CC4463839CCA}.Debug|Any CPU.Build.0 = Debug|Any CPU
		{3AC8CAE6-984B-4F94-869B-CC4463839CCA}.Release|Any CPU.ActiveCfg = Release|Any CPU
		{3AC8CAE6-984B-4F94-869B-CC4463839CCA}.Release|Any CPU.Build.0 = Release|Any CPU
	EndGlobalSection
	GlobalSection(SolutionProperties) = preSolution
		HideSolutionNode = FALSE
	EndGlobalSection
	GlobalSection(ExtensibilityGlobals) = postSolution
		SolutionGuid = {E21BCA76-5FCE-4039-97A6-BA4A115C98CD}
	EndGlobalSection
EndGlobal
